
Microsoft Visual Studio Solution File, Format Version 12.00
# Visual Studio 15
VisualStudioVersion = 15.0.27703.2000
MinimumVisualStudioVersion = 10.0.40219.1
Project("{FAE04EC0-301F-11D3-BF4B-00C04F79EFBC}") = "YetAnotherCommander", "ssapj.YetAnotherCommander\YetAnotherCommander.csproj", "{D36F0B0F-0110-4CE5-8418-A53C1ACEDE95}"
EndProject
Global
	GlobalSection(SolutionConfigurationPlatforms) = preSolution
		Debug|x64 = Debug|x64
		Release|x64 = Release|x64
	EndGlobalSection
	GlobalSection(ProjectConfigurationPlatforms) = postSolution
		{D36F0B0F-0110-4CE5-8418-A53C1ACEDE95}.Debug|x64.ActiveCfg = Debug|x64
		{D36F0B0F-0110-4CE5-8418-A53C1ACEDE95}.Debug|x64.Build.0 = Debug|x64
		{D36F0B0F-0110-4CE5-8418-A53C1ACEDE95}.Release|x64.ActiveCfg = Release|x64
		{D36F0B0F-0110-4CE5-8418-A53C1ACEDE95}.Release|x64.Build.0 = Release|x64
	EndGlobalSection
	GlobalSection(SolutionProperties) = preSolution
		HideSolutionNode = FALSE
	EndGlobalSection
	GlobalSection(ExtensibilityGlobals) = postSolution
		SolutionGuid = {BE6A994D-D3FC-4AF8-91D3-F4A4EC5BD9D2}
	EndGlobalSection
EndGlobal
